
Microsoft Visual Studio Solution File, Format Version 12.00
# Visual Studio Version 17
VisualStudioVersion = 17.3.32811.315
MinimumVisualStudioVersion = 10.0.40219.1
Project("{FAE04EC0-301F-11D3-BF4B-00C04F79EFBC}") = "Bilgisayar Kapatıcı", "Bilgisayar Kapatıcı\Bilgisayar Kapatıcı.csproj", "{E5F22A6D-AC5B-4E53-9199-8AEBC0E5CCF6}"
EndProject
Global
	GlobalSection(SolutionConfigurationPlatforms) = preSolution
		Debug|Any CPU = Debug|Any CPU
		Release|Any CPU = Release|Any CPU
	EndGlobalSection
	GlobalSection(ProjectConfigurationPlatforms) = postSolution
		{E5F22A6D-AC5B-4E53-9199-8AEBC0E5CCF6}.Debug|Any CPU.ActiveCfg = Debug|Any CPU
		{E5F22A6D-AC5B-4E53-9199-8AEBC0E5CCF6}.Debug|Any CPU.Build.0 = Debug|Any CPU
		{E5F22A6D-AC5B-4E53-9199-8AEBC0E5CCF6}.Release|Any CPU.ActiveCfg = Release|Any CPU
		{E5F22A6D-AC5B-4E53-9199-8AEBC0E5CCF6}.Release|Any CPU.Build.0 = Release|Any CPU
	EndGlobalSection
	GlobalSection(SolutionProperties) = preSolution
		HideSolutionNode = FALSE
	EndGlobalSection
	GlobalSection(ExtensibilityGlobals) = postSolution
		SolutionGuid = {C80C8946-7FCE-4414-BAFE-889D9A2B016E}
	EndGlobalSection
EndGlobal
